
Microsoft Visual Studio Solution File, Format Version 12.00
# Visual Studio Version 16
VisualStudioVersion = 16.0.30320.27
MinimumVisualStudioVersion = 10.0.40219.1
Project("{FAE04EC0-301F-11D3-BF4B-00C04F79EFBC}") = "DoctorProject", "DoctorProject.csproj", "{2435F3F8-CB64-4646-BAC9-D77FFC6FEBF6}"
EndProject
Global
	GlobalSection(SolutionConfigurationPlatforms) = preSolution
		Debug|Any CPU = Debug|Any CPU
		Release|Any CPU = Release|Any CPU
	EndGlobalSection
	GlobalSection(ProjectConfigurationPlatforms) = postSolution
		{2435F3F8-CB64-4646-BAC9-D77FFC6FEBF6}.Debug|Any CPU.ActiveCfg = Debug|Any CPU
		{2435F3F8-CB64-4646-BAC9-D77FFC6FEBF6}.Debug|Any CPU.Build.0 = Debug|Any CPU
		{2435F3F8-CB64-4646-BAC9-D77FFC6FEBF6}.Release|Any CPU.ActiveCfg = Release|Any CPU
		{2435F3F8-CB64-4646-BAC9-D77FFC6FEBF6}.Release|Any CPU.Build.0 = Release|Any CPU
	EndGlobalSection
	GlobalSection(SolutionProperties) = preSolution
		HideSolutionNode = FALSE
	EndGlobalSection
	GlobalSection(ExtensibilityGlobals) = postSolution
		SolutionGuid = {E5CB10F4-33CD-4926-824D-1A1210F66FD7}
	EndGlobalSection
EndGlobal
